// !$*UTF8*$!
{
	archiveVersion = 1;
	classes = {
	};
	objectVersion = 50;
	objects = {

/* Begin PBXBuildFile section */
		0D454C6F213270D2000072B4 /* EMTLoadingIndicator.h in Headers */ = {isa = PBXBuildFile; fileRef = 0D454C6D213270D2000072B4 /* EMTLoadingIndicator.h */; settings = {ATTRIBUTES = (Public, ); }; };
		0D454C772132719B000072B4 /* EMTTimer.swift in Sources */ = {isa = PBXBuildFile; fileRef = 0D454C752132719B000072B4 /* EMTTimer.swift */; };
		0D454C782132719B000072B4 /* EMTLoadingIndicator.swift in Sources */ = {isa = PBXBuildFile; fileRef = 0D454C762132719B000072B4 /* EMTLoadingIndicator.swift */; };
		0D454C98213271B3000072B4 /* waitIndicatorGraphic-13@2x.png in Resources */ = {isa = PBXBuildFile; fileRef = 0D454C7A213271B3000072B4 /* waitIndicatorGraphic-13@2x.png */; };
		0D454C99213271B3000072B4 /* waitIndicatorGraphic-25@2x.png in Resources */ = {isa = PBXBuildFile; fileRef = 0D454C7B213271B3000072B4 /* waitIndicatorGraphic-25@2x.png */; };
		0D454C9A213271B3000072B4 /* waitIndicatorGraphic-29@2x.png in Resources */ = {isa = PBXBuildFile; fileRef = 0D454C7C213271B3000072B4 /* waitIndicatorGraphic-29@2x.png */; };
		0D454C9B213271B3000072B4 /* waitIndicatorGraphic-7@2x.png in Resources */ = {isa = PBXBuildFile; fileRef = 0D454C7D213271B3000072B4 /* waitIndicatorGraphic-7@2x.png */; };
		0D454C9C213271B3000072B4 /* waitIndicatorGraphic-9@2x.png in Resources */ = {isa = PBXBuildFile; fileRef = 0D454C7E213271B3000072B4 /* waitIndicatorGraphic-9@2x.png */; };
		0D454C9D213271B3000072B4 /* waitIndicatorGraphic-5@2x.png in Resources */ = {isa = PBXBuildFile; fileRef = 0D454C7F213271B3000072B4 /* waitIndicatorGraphic-5@2x.png */; };
		0D454C9E213271B3000072B4 /* waitIndicatorGraphic-11@2x.png in Resources */ = {isa = PBXBuildFile; fileRef = 0D454C80213271B3000072B4 /* waitIndicatorGraphic-11@2x.png */; };
		0D454C9F213271B3000072B4 /* waitIndicatorGraphic-27@2x.png in Resources */ = {isa = PBXBuildFile; fileRef = 0D454C81213271B3000072B4 /* waitIndicatorGraphic-27@2x.png */; };
		0D454CA0213271B3000072B4 /* waitIndicatorGraphic-1@2x.png in Resources */ = {isa = PBXBuildFile; fileRef = 0D454C82213271B3000072B4 /* waitIndicatorGraphic-1@2x.png */; };
		0D454CA1213271B3000072B4 /* waitIndicatorGraphic-23@2x.png in Resources */ = {isa = PBXBuildFile; fileRef = 0D454C83213271B3000072B4 /* waitIndicatorGraphic-23@2x.png */; };
		0D454CA2213271B3000072B4 /* waitIndicatorGraphic-19@2x.png in Resources */ = {isa = PBXBuildFile; fileRef = 0D454C84213271B3000072B4 /* waitIndicatorGraphic-19@2x.png */; };
		0D454CA3213271B3000072B4 /* waitIndicatorGraphic-15@2x.png in Resources */ = {isa = PBXBuildFile; fileRef = 0D454C85213271B3000072B4 /* waitIndicatorGraphic-15@2x.png */; };
		0D454CA4213271B3000072B4 /* waitIndicatorGraphic-21@2x.png in Resources */ = {isa = PBXBuildFile; fileRef = 0D454C86213271B3000072B4 /* waitIndicatorGraphic-21@2x.png */; };
		0D454CA5213271B3000072B4 /* waitIndicatorGraphic-17@2x.png in Resources */ = {isa = PBXBuildFile; fileRef = 0D454C87213271B3000072B4 /* waitIndicatorGraphic-17@2x.png */; };
		0D454CA6213271B3000072B4 /* waitIndicatorGraphic-3@2x.png in Resources */ = {isa = PBXBuildFile; fileRef = 0D454C88213271B3000072B4 /* waitIndicatorGraphic-3@2x.png */; };
		0D454CA7213271B3000072B4 /* waitIndicatorGraphic-6@2x.png in Resources */ = {isa = PBXBuildFile; fileRef = 0D454C89213271B3000072B4 /* waitIndicatorGraphic-6@2x.png */; };
		0D454CA8213271B3000072B4 /* waitIndicatorGraphic-24@2x.png in Resources */ = {isa = PBXBuildFile; fileRef = 0D454C8A213271B3000072B4 /* waitIndicatorGraphic-24@2x.png */; };
		0D454CA9213271B3000072B4 /* waitIndicatorGraphic-28@2x.png in Resources */ = {isa = PBXBuildFile; fileRef = 0D454C8B213271B3000072B4 /* waitIndicatorGraphic-28@2x.png */; };
		0D454CAA213271B3000072B4 /* waitIndicatorGraphic-12@2x.png in Resources */ = {isa = PBXBuildFile; fileRef = 0D454C8C213271B3000072B4 /* waitIndicatorGraphic-12@2x.png */; };
		0D454CAB213271B3000072B4 /* waitIndicatorGraphic-26@2x.png in Resources */ = {isa = PBXBuildFile; fileRef = 0D454C8D213271B3000072B4 /* waitIndicatorGraphic-26@2x.png */; };
		0D454CAC213271B3000072B4 /* waitIndicatorGraphic-10@2x.png in Resources */ = {isa = PBXBuildFile; fileRef = 0D454C8E213271B3000072B4 /* waitIndicatorGraphic-10@2x.png */; };
		0D454CAD213271B3000072B4 /* waitIndicatorGraphic-8@2x.png in Resources */ = {isa = PBXBuildFile; fileRef = 0D454C8F213271B3000072B4 /* waitIndicatorGraphic-8@2x.png */; };
		0D454CAE213271B3000072B4 /* waitIndicatorGraphic-4@2x.png in Resources */ = {isa = PBXBuildFile; fileRef = 0D454C90213271B3000072B4 /* waitIndicatorGraphic-4@2x.png */; };
		0D454CAF213271B3000072B4 /* waitIndicatorGraphic-18@2x.png in Resources */ = {isa = PBXBuildFile; fileRef = 0D454C91213271B3000072B4 /* waitIndicatorGraphic-18@2x.png */; };
		0D454CB0213271B3000072B4 /* waitIndicatorGraphic-14@2x.png in Resources */ = {isa = PBXBuildFile; fileRef = 0D454C92213271B3000072B4 /* waitIndicatorGraphic-14@2x.png */; };
		0D454CB1213271B3000072B4 /* waitIndicatorGraphic-22@2x.png in Resources */ = {isa = PBXBuildFile; fileRef = 0D454C93213271B3000072B4 /* waitIndicatorGraphic-22@2x.png */; };
		0D454CB2213271B3000072B4 /* waitIndicatorGraphic-0@2x.png in Resources */ = {isa = PBXBuildFile; fileRef = 0D454C94213271B3000072B4 /* waitIndicatorGraphic-0@2x.png */; };
		0D454CB3213271B3000072B4 /* waitIndicatorGraphic-2@2x.png in Resources */ = {isa = PBXBuildFile; fileRef = 0D454C95213271B3000072B4 /* waitIndicatorGraphic-2@2x.png */; };
		0D454CB4213271B3000072B4 /* waitIndicatorGraphic-16@2x.png in Resources */ = {isa = PBXBuildFile; fileRef = 0D454C96213271B3000072B4 /* waitIndicatorGraphic-16@2x.png */; };
		0D454CB5213271B3000072B4 /* waitIndicatorGraphic-20@2x.png in Resources */ = {isa = PBXBuildFile; fileRef = 0D454C97213271B3000072B4 /* waitIndicatorGraphic-20@2x.png */; };
/* End PBXBuildFile section */

/* Begin PBXFileReference section */
		0D454C6A213270D2000072B4 /* EMTLoadingIndicator.framework */ = {isa = PBXFileReference; explicitFileType = wrapper.framework; includeInIndex = 0; path = EMTLoadingIndicator.framework; sourceTree = BUILT_PRODUCTS_DIR; };
		0D454C6D213270D2000072B4 /* EMTLoadingIndicator.h */ = {isa = PBXFileReference; lastKnownFileType = sourcecode.c.h; path = EMTLoadingIndicator.h; sourceTree = "<group>"; };
		0D454C6E213270D2000072B4 /* Info.plist */ = {isa = PBXFileReference; lastKnownFileType = text.plist.xml; path = Info.plist; sourceTree = "<group>"; };
		0D454C752132719B000072B4 /* EMTTimer.swift */ = {isa = PBXFileReference; fileEncoding = 4; lastKnownFileType = sourcecode.swift; name = EMTTimer.swift; path = Classes/EMTTimer.swift; sourceTree = "<group>"; };
		0D454C762132719B000072B4 /* EMTLoadingIndicator.swift */ = {isa = PBXFileReference; fileEncoding = 4; lastKnownFileType = sourcecode.swift; name = EMTLoadingIndicator.swift; path = Classes/EMTLoadingIndicator.swift; sourceTree = "<group>"; };
		0D454C7A213271B3000072B4 /* waitIndicatorGraphic-13@2x.png */ = {isa = PBXFileReference; lastKnownFileType = image.png; path = "waitIndicatorGraphic-13@2x.png"; sourceTree = "<group>"; };
		0D454C7B213271B3000072B4 /* waitIndicatorGraphic-25@2x.png */ = {isa = PBXFileReference; lastKnownFileType = image.png; path = "waitIndicatorGraphic-25@2x.png"; sourceTree = "<group>"; };
		0D454C7C213271B3000072B4 /* waitIndicatorGraphic-29@2x.png */ = {isa = PBXFileReference; lastKnownFileType = image.png; path = "waitIndicatorGraphic-29@2x.png"; sourceTree = "<group>"; };
		0D454C7D213271B3000072B4 /* waitIndicatorGraphic-7@2x.png */ = {isa = PBXFileReference; lastKnownFileType = image.png; path = "waitIndicatorGraphic-7@2x.png"; sourceTree = "<group>"; };
		0D454C7E213271B3000072B4 /* waitIndicatorGraphic-9@2x.png */ = {isa = PBXFileReference; lastKnownFileType = image.png; path = "waitIndicatorGraphic-9@2x.png"; sourceTree = "<group>"; };
		0D454C7F213271B3000072B4 /* waitIndicatorGraphic-5@2x.png */ = {isa = PBXFileReference; lastKnownFileType = image.png; path = "waitIndicatorGraphic-5@2x.png"; sourceTree = "<group>"; };
		0D454C80213271B3000072B4 /* waitIndicatorGraphic-11@2x.png */ = {isa = PBXFileReference; lastKnownFileType = image.png; path = "waitIndicatorGraphic-11@2x.png"; sourceTree = "<group>"; };
		0D454C81213271B3000072B4 /* waitIndicatorGraphic-27@2x.png */ = {isa = PBXFileReference; lastKnownFileType = image.png; path = "waitIndicatorGraphic-27@2x.png"; sourceTree = "<group>"; };
		0D454C82213271B3000072B4 /* waitIndicatorGraphic-1@2x.png */ = {isa = PBXFileReference; lastKnownFileType = image.png; path = "waitIndicatorGraphic-1@2x.png"; sourceTree = "<group>"; };
		0D454C83213271B3000072B4 /* waitIndicatorGraphic-23@2x.png */ = {isa = PBXFileReference; lastKnownFileType = image.png; path = "waitIndicatorGraphic-23@2x.png"; sourceTree = "<group>"; };
		0D454C84213271B3000072B4 /* waitIndicatorGraphic-19@2x.png */ = {isa = PBXFileReference; lastKnownFileType = image.png; path = "waitIndicatorGraphic-19@2x.png"; sourceTree = "<group>"; };
		0D454C85213271B3000072B4 /* waitIndicatorGraphic-15@2x.png */ = {isa = PBXFileReference; lastKnownFileType = image.png; path = "waitIndicatorGraphic-15@2x.png"; sourceTree = "<group>"; };
		0D454C86213271B3000072B4 /* waitIndicatorGraphic-21@2x.png */ = {isa = PBXFileReference; lastKnownFileType = image.png; path = "waitIndicatorGraphic-21@2x.png"; sourceTree = "<group>"; };
		0D454C87213271B3000072B4 /* waitIndicatorGraphic-17@2x.png */ = {isa = PBXFileReference; lastKnownFileType = image.png; path = "waitIndicatorGraphic-17@2x.png"; sourceTree = "<group>"; };
		0D454C88213271B3000072B4 /* waitIndicatorGraphic-3@2x.png */ = {isa = PBXFileReference; lastKnownFileType = image.png; path = "waitIndicatorGraphic-3@2x.png"; sourceTree = "<group>"; };
		0D454C89213271B3000072B4 /* waitIndicatorGraphic-6@2x.png */ = {isa = PBXFileReference; lastKnownFileType = image.png; path = "waitIndicatorGraphic-6@2x.png"; sourceTree = "<group>"; };
		0D454C8A213271B3000072B4 /* waitIndicatorGraphic-24@2x.png */ = {isa = PBXFileReference; lastKnownFileType = image.png; path = "waitIndicatorGraphic-24@2x.png"; sourceTree = "<group>"; };
		0D454C8B213271B3000072B4 /* waitIndicatorGraphic-28@2x.png */ = {isa = PBXFileReference; lastKnownFileType = image.png; path = "waitIndicatorGraphic-28@2x.png"; sourceTree = "<group>"; };
		0D454C8C213271B3000072B4 /* waitIndicatorGraphic-12@2x.png */ = {isa = PBXFileReference; lastKnownFileType = image.png; path = "waitIndicatorGraphic-12@2x.png"; sourceTree = "<group>"; };
		0D454C8D213271B3000072B4 /* waitIndicatorGraphic-26@2x.png */ = {isa = PBXFileReference; lastKnownFileType = image.png; path = "waitIndicatorGraphic-26@2x.png"; sourceTree = "<group>"; };
		0D454C8E213271B3000072B4 /* waitIndicatorGraphic-10@2x.png */ = {isa = PBXFileReference; lastKnownFileType = image.png; path = "waitIndicatorGraphic-10@2x.png"; sourceTree = "<group>"; };
		0D454C8F213271B3000072B4 /* waitIndicatorGraphic-8@2x.png */ = {isa = PBXFileReference; lastKnownFileType = image.png; path = "waitIndicatorGraphic-8@2x.png"; sourceTree = "<group>"; };
		0D454C90213271B3000072B4 /* waitIndicatorGraphic-4@2x.png */ = {isa = PBXFileReference; lastKnownFileType = image.png; path = "waitIndicatorGraphic-4@2x.png"; sourceTree = "<group>"; };
		0D454C91213271B3000072B4 /* waitIndicatorGraphic-18@2x.png */ = {isa = PBXFileReference; lastKnownFileType = image.png; path = "waitIndicatorGraphic-18@2x.png"; sourceTree = "<group>"; };
		0D454C92213271B3000072B4 /* waitIndicatorGraphic-14@2x.png */ = {isa = PBXFileReference; lastKnownFileType = image.png; path = "waitIndicatorGraphic-14@2x.png"; sourceTree = "<group>"; };
		0D454C93213271B3000072B4 /* waitIndicatorGraphic-22@2x.png */ = {isa = PBXFileReference; lastKnownFileType = image.png; path = "waitIndicatorGraphic-22@2x.png"; sourceTree = "<group>"; };
		0D454C94213271B3000072B4 /* waitIndicatorGraphic-0@2x.png */ = {isa = PBXFileReference; lastKnownFileType = image.png; path = "waitIndicatorGraphic-0@2x.png"; sourceTree = "<group>"; };
		0D454C95213271B3000072B4 /* waitIndicatorGraphic-2@2x.png */ = {isa = PBXFileReference; lastKnownFileType = image.png; path = "waitIndicatorGraphic-2@2x.png"; sourceTree = "<group>"; };
		0D454C96213271B3000072B4 /* waitIndicatorGraphic-16@2x.png */ = {isa = PBXFileReference; lastKnownFileType = image.png; path = "waitIndicatorGraphic-16@2x.png"; sourceTree = "<group>"; };
		0D454C97213271B3000072B4 /* waitIndicatorGraphic-20@2x.png */ = {isa = PBXFileReference; lastKnownFileType = image.png; path = "waitIndicatorGraphic-20@2x.png"; sourceTree = "<group>"; };
/* End PBXFileReference section */

/* Begin PBXFrameworksBuildPhase section */
		0D454C66213270D2000072B4 /* Frameworks */ = {
			isa = PBXFrameworksBuildPhase;
			buildActionMask = 2147483647;
			files = (
			);
			runOnlyForDeploymentPostprocessing = 0;
		};
/* End PBXFrameworksBuildPhase section */

/* Begin PBXGroup section */
		0D454C60213270D2000072B4 = {
			isa = PBXGroup;
			children = (
				0D454C6C213270D2000072B4 /* EMTLoadingIndicator */,
				0D454C6B213270D2000072B4 /* Products */,
			);
			sourceTree = "<group>";
		};
		0D454C6B213270D2000072B4 /* Products */ = {
			isa = PBXGroup;
			children = (
				0D454C6A213270D2000072B4 /* EMTLoadingIndicator.framework */,
			);
			name = Products;
			sourceTree = "<group>";
		};
		0D454C6C213270D2000072B4 /* EMTLoadingIndicator */ = {
			isa = PBXGroup;
			children = (
				0D454C762132719B000072B4 /* EMTLoadingIndicator.swift */,
				0D454C752132719B000072B4 /* EMTTimer.swift */,
				0D454C79213271B3000072B4 /* Resources */,
				0D454C6D213270D2000072B4 /* EMTLoadingIndicator.h */,
				0D454C6E213270D2000072B4 /* Info.plist */,
			);
			path = EMTLoadingIndicator;
			sourceTree = "<group>";
		};
		0D454C79213271B3000072B4 /* Resources */ = {
			isa = PBXGroup;
			children = (
				0D454C7A213271B3000072B4 /* waitIndicatorGraphic-13@2x.png */,
				0D454C7B213271B3000072B4 /* waitIndicatorGraphic-25@2x.png */,
				0D454C7C213271B3000072B4 /* waitIndicatorGraphic-29@2x.png */,
				0D454C7D213271B3000072B4 /* waitIndicatorGraphic-7@2x.png */,
				0D454C7E213271B3000072B4 /* waitIndicatorGraphic-9@2x.png */,
				0D454C7F213271B3000072B4 /* waitIndicatorGraphic-5@2x.png */,
				0D454C80213271B3000072B4 /* waitIndicatorGraphic-11@2x.png */,
				0D454C81213271B3000072B4 /* waitIndicatorGraphic-27@2x.png */,
				0D454C82213271B3000072B4 /* waitIndicatorGraphic-1@2x.png */,
				0D454C83213271B3000072B4 /* waitIndicatorGraphic-23@2x.png */,
				0D454C84213271B3000072B4 /* waitIndicatorGraphic-19@2x.png */,
				0D454C85213271B3000072B4 /* waitIndicatorGraphic-15@2x.png */,
				0D454C86213271B3000072B4 /* waitIndicatorGraphic-21@2x.png */,
				0D454C87213271B3000072B4 /* waitIndicatorGraphic-17@2x.png */,
				0D454C88213271B3000072B4 /* waitIndicatorGraphic-3@2x.png */,
				0D454C89213271B3000072B4 /* waitIndicatorGraphic-6@2x.png */,
				0D454C8A213271B3000072B4 /* waitIndicatorGraphic-24@2x.png */,
				0D454C8B213271B3000072B4 /* waitIndicatorGraphic-28@2x.png */,
				0D454C8C213271B3000072B4 /* waitIndicatorGraphic-12@2x.png */,
				0D454C8D213271B3000072B4 /* waitIndicatorGraphic-26@2x.png */,
				0D454C8E213271B3000072B4 /* waitIndicatorGraphic-10@2x.png */,
				0D454C8F213271B3000072B4 /* waitIndicatorGraphic-8@2x.png */,
				0D454C90213271B3000072B4 /* waitIndicatorGraphic-4@2x.png */,
				0D454C91213271B3000072B4 /* waitIndicatorGraphic-18@2x.png */,
				0D454C92213271B3000072B4 /* waitIndicatorGraphic-14@2x.png */,
				0D454C93213271B3000072B4 /* waitIndicatorGraphic-22@2x.png */,
				0D454C94213271B3000072B4 /* waitIndicatorGraphic-0@2x.png */,
				0D454C95213271B3000072B4 /* waitIndicatorGraphic-2@2x.png */,
				0D454C96213271B3000072B4 /* waitIndicatorGraphic-16@2x.png */,
				0D454C97213271B3000072B4 /* waitIndicatorGraphic-20@2x.png */,
			);
			path = Resources;
			sourceTree = "<group>";
		};
/* End PBXGroup section */

/* Begin PBXHeadersBuildPhase section */
		0D454C67213270D2000072B4 /* Headers */ = {
			isa = PBXHeadersBuildPhase;
			buildActionMask = 2147483647;
			files = (
				0D454C6F213270D2000072B4 /* EMTLoadingIndicator.h in Headers */,
			);
			runOnlyForDeploymentPostprocessing = 0;
		};
/* End PBXHeadersBuildPhase section */

/* Begin PBXNativeTarget section */
		0D454C69213270D2000072B4 /* EMTLoadingIndicator */ = {
			isa = PBXNativeTarget;
			buildConfigurationList = 0D454C72213270D2000072B4 /* Build configuration list for PBXNativeTarget "EMTLoadingIndicator" */;
			buildPhases = (
				0D454C65213270D2000072B4 /* Sources */,
				0D454C66213270D2000072B4 /* Frameworks */,
				0D454C67213270D2000072B4 /* Headers */,
				0D454C68213270D2000072B4 /* Resources */,
			);
			buildRules = (
			);
			dependencies = (
			);
			name = EMTLoadingIndicator;
			productName = EMTLoadingIndicator;
			productReference = 0D454C6A213270D2000072B4 /* EMTLoadingIndicator.framework */;
			productType = "com.apple.product-type.framework";
		};
/* End PBXNativeTarget section */

/* Begin PBXProject section */
		0D454C61213270D2000072B4 /* Project object */ = {
			isa = PBXProject;
			attributes = {
				LastUpgradeCheck = 0940;
				ORGANIZATIONNAME = "Meeco Labs";
				TargetAttributes = {
					0D454C69213270D2000072B4 = {
						CreatedOnToolsVersion = 9.4.1;
						LastSwiftMigration = 0940;
					};
				};
			};
			buildConfigurationList = 0D454C64213270D2000072B4 /* Build configuration list for PBXProject "EMTLoadingIndicator" */;
			compatibilityVersion = "Xcode 9.3";
			developmentRegion = en;
			hasScannedForEncodings = 0;
			knownRegions = (
				en,
			);
			mainGroup = 0D454C60213270D2000072B4;
			productRefGroup = 0D454C6B213270D2000072B4 /* Products */;
			projectDirPath = "";
			projectRoot = "";
			targets = (
				0D454C69213270D2000072B4 /* EMTLoadingIndicator */,
			);
		};
/* End PBXProject section */

/* Begin PBXResourcesBuildPhase section */
		0D454C68213270D2000072B4 /* Resources */ = {
			isa = PBXResourcesBuildPhase;
			buildActionMask = 2147483647;
			files = (
				0D454CAB213271B3000072B4 /* waitIndicatorGraphic-26@2x.png in Resources */,
				0D454CAD213271B3000072B4 /* waitIndicatorGraphic-8@2x.png in Resources */,
				0D454C9D213271B3000072B4 /* waitIndicatorGraphic-5@2x.png in Resources */,
				0D454CA4213271B3000072B4 /* waitIndicatorGraphic-21@2x.png in Resources */,
				0D454CB2213271B3000072B4 /* waitIndicatorGraphic-0@2x.png in Resources */,
				0D454CA0213271B3000072B4 /* waitIndicatorGraphic-1@2x.png in Resources */,
				0D454CA8213271B3000072B4 /* waitIndicatorGraphic-24@2x.png in Resources */,
				0D454CB4213271B3000072B4 /* waitIndicatorGraphic-16@2x.png in Resources */,
				0D454CB1213271B3000072B4 /* waitIndicatorGraphic-22@2x.png in Resources */,
				0D454CA9213271B3000072B4 /* waitIndicatorGraphic-28@2x.png in Resources */,
				0D454CA3213271B3000072B4 /* waitIndicatorGraphic-15@2x.png in Resources */,
				0D454C9F213271B3000072B4 /* waitIndicatorGraphic-27@2x.png in Resources */,
				0D454CAF213271B3000072B4 /* waitIndicatorGraphic-18@2x.png in Resources */,
				0D454C98213271B3000072B4 /* waitIndicatorGraphic-13@2x.png in Resources */,
				0D454CB5213271B3000072B4 /* waitIndicatorGraphic-20@2x.png in Resources */,
				0D454CB3213271B3000072B4 /* waitIndicatorGraphic-2@2x.png in Resources */,
				0D454C9A213271B3000072B4 /* waitIndicatorGraphic-29@2x.png in Resources */,
				0D454CA6213271B3000072B4 /* waitIndicatorGraphic-3@2x.png in Resources */,
				0D454CB0213271B3000072B4 /* waitIndicatorGraphic-14@2x.png in Resources */,
				0D454CAC213271B3000072B4 /* waitIndicatorGraphic-10@2x.png in Resources */,
				0D454CAE213271B3000072B4 /* waitIndicatorGraphic-4@2x.png in Resources */,
				0D454CA1213271B3000072B4 /* waitIndicatorGraphic-23@2x.png in Resources */,
				0D454C9C213271B3000072B4 /* waitIndicatorGraphic-9@2x.png in Resources */,
				0D454C9B213271B3000072B4 /* waitIndicatorGraphic-7@2x.png in Resources */,
				0D454CA5213271B3000072B4 /* waitIndicatorGraphic-17@2x.png in Resources */,
				0D454CAA213271B3000072B4 /* waitIndicatorGraphic-12@2x.png in Resources */,
				0D454C99213271B3000072B4 /* waitIndicatorGraphic-25@2x.png in Resources */,
				0D454CA7213271B3000072B4 /* waitIndicatorGraphic-6@2x.png in Resources */,
				0D454CA2213271B3000072B4 /* waitIndicatorGraphic-19@2x.png in Resources */,
				0D454C9E213271B3000072B4 /* waitIndicatorGraphic-11@2x.png in Resources */,
			);
			runOnlyForDeploymentPostprocessing = 0;
		};
/* End PBXResourcesBuildPhase section */

/* Begin PBXSourcesBuildPhase section */
		0D454C65213270D2000072B4 /* Sources */ = {
			isa = PBXSourcesBuildPhase;
			buildActionMask = 2147483647;
			files = (
				0D454C772132719B000072B4 /* EMTTimer.swift in Sources */,
				0D454C782132719B000072B4 /* EMTLoadingIndicator.swift in Sources */,
			);
			runOnlyForDeploymentPostprocessing = 0;
		};
/* End PBXSourcesBuildPhase section */

/* Begin XCBuildConfiguration section */
		0D454C70213270D2000072B4 /* Debug */ = {
			isa = XCBuildConfiguration;
			buildSettings = {
				ALWAYS_SEARCH_USER_PATHS = NO;
				CLANG_ANALYZER_NONNULL = YES;
				CLANG_ANALYZER_NUMBER_OBJECT_CONVERSION = YES_AGGRESSIVE;
				CLANG_CXX_LANGUAGE_STANDARD = "gnu++14";
				CLANG_CXX_LIBRARY = "libc++";
				CLANG_ENABLE_MODULES = YES;
				CLANG_ENABLE_OBJC_ARC = YES;
				CLANG_ENABLE_OBJC_WEAK = YES;
				CLANG_WARN_BLOCK_CAPTURE_AUTORELEASING = YES;
				CLANG_WARN_BOOL_CONVERSION = YES;
				CLANG_WARN_COMMA = YES;
				CLANG_WARN_CONSTANT_CONVERSION = YES;
				CLANG_WARN_DEPRECATED_OBJC_IMPLEMENTATIONS = YES;
				CLANG_WARN_DIRECT_OBJC_ISA_USAGE = YES_ERROR;
				CLANG_WARN_DOCUMENTATION_COMMENTS = YES;
				CLANG_WARN_EMPTY_BODY = YES;
				CLANG_WARN_ENUM_CONVERSION = YES;
				CLANG_WARN_INFINITE_RECURSION = YES;
				CLANG_WARN_INT_CONVERSION = YES;
				CLANG_WARN_NON_LITERAL_NULL_CONVERSION = YES;
				CLANG_WARN_OBJC_IMPLICIT_RETAIN_SELF = YES;
				CLANG_WARN_OBJC_LITERAL_CONVERSION = YES;
				CLANG_WARN_OBJC_ROOT_CLASS = YES_ERROR;
				CLANG_WARN_RANGE_LOOP_ANALYSIS = YES;
				CLANG_WARN_STRICT_PROTOTYPES = YES;
				CLANG_WARN_SUSPICIOUS_MOVE = YES;
				CLANG_WARN_UNGUARDED_AVAILABILITY = YES_AGGRESSIVE;
				CLANG_WARN_UNREACHABLE_CODE = YES;
				CLANG_WARN__DUPLICATE_METHOD_MATCH = YES;
				COPY_PHASE_STRIP = NO;
				CURRENT_PROJECT_VERSION = 1;
				DEBUG_INFORMATION_FORMAT = dwarf;
				ENABLE_STRICT_OBJC_MSGSEND = YES;
				ENABLE_TESTABILITY = YES;
				GCC_C_LANGUAGE_STANDARD = gnu11;
				GCC_DYNAMIC_NO_PIC = NO;
				GCC_NO_COMMON_BLOCKS = YES;
				GCC_OPTIMIZATION_LEVEL = 0;
				GCC_PREPROCESSOR_DEFINITIONS = (
					"DEBUG=1",
					"$(inherited)",
				);
				GCC_WARN_64_TO_32_BIT_CONVERSION = YES;
				GCC_WARN_ABOUT_RETURN_TYPE = YES_ERROR;
				GCC_WARN_UNDECLARED_SELECTOR = YES;
				GCC_WARN_UNINITIALIZED_AUTOS = YES_AGGRESSIVE;
				GCC_WARN_UNUSED_FUNCTION = YES;
				GCC_WARN_UNUSED_VARIABLE = YES;
				MTL_ENABLE_DEBUG_INFO = YES;
				ONLY_ACTIVE_ARCH = YES;
				SDKROOT = watchos;
				SWIFT_ACTIVE_COMPILATION_CONDITIONS = DEBUG;
				SWIFT_OPTIMIZATION_LEVEL = "-Onone";
				VERSIONING_SYSTEM = "apple-generic";
				VERSION_INFO_PREFIX = "";
				WATCHOS_DEPLOYMENT_TARGET = 4.3;
			};
			name = Debug;
		};
		0D454C71213270D2000072B4 /* Release */ = {
			isa = XCBuildConfiguration;
			buildSettings = {
				ALWAYS_SEARCH_USER_PATHS = NO;
				CLANG_ANALYZER_NONNULL = YES;
				CLANG_ANALYZER_NUMBER_OBJECT_CONVERSION = YES_AGGRESSIVE;
				CLANG_CXX_LANGUAGE_STANDARD = "gnu++14";
				CLANG_CXX_LIBRARY = "libc++";
				CLANG_ENABLE_MODULES = YES;
				CLANG_ENABLE_OBJC_ARC = YES;
				CLANG_ENABLE_OBJC_WEAK = YES;
				CLANG_WARN_BLOCK_CAPTURE_AUTORELEASING = YES;
				CLANG_WARN_BOOL_CONVERSION = YES;
				CLANG_WARN_COMMA = YES;
				CLANG_WARN_CONSTANT_CONVERSION = YES;
				CLANG_WARN_DEPRECATED_OBJC_IMPLEMENTATIONS = YES;
				CLANG_WARN_DIRECT_OBJC_ISA_USAGE = YES_ERROR;
				CLANG_WARN_DOCUMENTATION_COMMENTS = YES;
				CLANG_WARN_EMPTY_BODY = YES;
				CLANG_WARN_ENUM_CONVERSION = YES;
				CLANG_WARN_INFINITE_RECURSION = YES;
				CLANG_WARN_INT_CONVERSION = YES;
				CLANG_WARN_NON_LITERAL_NULL_CONVERSION = YES;
				CLANG_WARN_OBJC_IMPLICIT_RETAIN_SELF = YES;
				CLANG_WARN_OBJC_LITERAL_CONVERSION = YES;
				CLANG_WARN_OBJC_ROOT_CLASS = YES_ERROR;
				CLANG_WARN_RANGE_LOOP_ANALYSIS = YES;
				CLANG_WARN_STRICT_PROTOTYPES = YES;
				CLANG_WARN_SUSPICIOUS_MOVE = YES;
				CLANG_WARN_UNGUARDED_AVAILABILITY = YES_AGGRESSIVE;
				CLANG_WARN_UNREACHABLE_CODE = YES;
				CLANG_WARN__DUPLICATE_METHOD_MATCH = YES;
				COPY_PHASE_STRIP = NO;
				CURRENT_PROJECT_VERSION = 1;
				DEBUG_INFORMATION_FORMAT = "dwarf-with-dsym";
				ENABLE_NS_ASSERTIONS = NO;
				ENABLE_STRICT_OBJC_MSGSEND = YES;
				GCC_C_LANGUAGE_STANDARD = gnu11;
				GCC_NO_COMMON_BLOCKS = YES;
				GCC_WARN_64_TO_32_BIT_CONVERSION = YES;
				GCC_WARN_ABOUT_RETURN_TYPE = YES_ERROR;
				GCC_WARN_UNDECLARED_SELECTOR = YES;
				GCC_WARN_UNINITIALIZED_AUTOS = YES_AGGRESSIVE;
				GCC_WARN_UNUSED_FUNCTION = YES;
				GCC_WARN_UNUSED_VARIABLE = YES;
				MTL_ENABLE_DEBUG_INFO = NO;
				SDKROOT = watchos;
				SWIFT_COMPILATION_MODE = wholemodule;
				SWIFT_OPTIMIZATION_LEVEL = "-O";
				VALIDATE_PRODUCT = YES;
				VERSIONING_SYSTEM = "apple-generic";
				VERSION_INFO_PREFIX = "";
				WATCHOS_DEPLOYMENT_TARGET = 4.3;
			};
			name = Release;
		};
		0D454C73213270D2000072B4 /* Debug */ = {
			isa = XCBuildConfiguration;
			buildSettings = {
				APPLICATION_EXTENSION_API_ONLY = YES;
				CLANG_ENABLE_MODULES = YES;
				CODE_SIGN_IDENTITY = "";
				CODE_SIGN_STYLE = Automatic;
				DEFINES_MODULE = YES;
				DEVELOPMENT_TEAM = 682J5A94DN;
				DYLIB_COMPATIBILITY_VERSION = 1;
				DYLIB_CURRENT_VERSION = 1;
				DYLIB_INSTALL_NAME_BASE = "@rpath";
				INFOPLIST_FILE = EMTLoadingIndicator/Info.plist;
				INSTALL_PATH = "$(LOCAL_LIBRARY_DIR)/Frameworks";
				LD_RUNPATH_SEARCH_PATHS = (
					"$(inherited)",
					"@executable_path/Frameworks",
					"@loader_path/Frameworks",
				);
				PRODUCT_BUNDLE_IDENTIFIER = eu.meecolabs.EMTLoadingIndicator;
				PRODUCT_NAME = "$(TARGET_NAME:c99extidentifier)";
				SKIP_INSTALL = YES;
				SWIFT_OPTIMIZATION_LEVEL = "-Onone";
				SWIFT_VERSION = 4.0;
				TARGETED_DEVICE_FAMILY = 4;
			};
			name = Debug;
		};
		0D454C74213270D2000072B4 /* Release */ = {
			isa = XCBuildConfiguration;
			buildSettings = {
				APPLICATION_EXTENSION_API_ONLY = YES;
				CLANG_ENABLE_MODULES = YES;
				CODE_SIGN_IDENTITY = "";
				CODE_SIGN_STYLE = Automatic;
				DEFINES_MODULE = YES;
				DEVELOPMENT_TEAM = 682J5A94DN;
				DYLIB_COMPATIBILITY_VERSION = 1;
				DYLIB_CURRENT_VERSION = 1;
				DYLIB_INSTALL_NAME_BASE = "@rpath";
				INFOPLIST_FILE = EMTLoadingIndicator/Info.plist;
				INSTALL_PATH = "$(LOCAL_LIBRARY_DIR)/Frameworks";
				LD_RUNPATH_SEARCH_PATHS = (
					"$(inherited)",
					"@executable_path/Frameworks",
					"@loader_path/Frameworks",
				);
				PRODUCT_BUNDLE_IDENTIFIER = eu.meecolabs.EMTLoadingIndicator;
				PRODUCT_NAME = "$(TARGET_NAME:c99extidentifier)";
				SKIP_INSTALL = YES;
				SWIFT_VERSION = 4.0;
				TARGETED_DEVICE_FAMILY = 4;
			};
			name = Release;
		};
/* End XCBuildConfiguration section */

/* Begin XCConfigurationList section */
		0D454C64213270D2000072B4 /* Build configuration list for PBXProject "EMTLoadingIndicator" */ = {
			isa = XCConfigurationList;
			buildConfigurations = (
				0D454C70213270D2000072B4 /* Debug */,
				0D454C71213270D2000072B4 /* Release */,
			);
			defaultConfigurationIsVisible = 0;
			defaultConfigurationName = Release;
		};
		0D454C72213270D2000072B4 /* Build configuration list for PBXNativeTarget "EMTLoadingIndicator" */ = {
			isa = XCConfigurationList;
			buildConfigurations = (
				0D454C73213270D2000072B4 /* Debug */,
				0D454C74213270D2000072B4 /* Release */,
			);
			defaultConfigurationIsVisible = 0;
			defaultConfigurationName = Release;
		};
/* End XCConfigurationList section */
	};
	rootObject = 0D454C61213270D2000072B4 /* Project object */;
}
